
Microsoft Visual Studio Solution File, Format Version 12.00
# Visual Studio 15
VisualStudioVersion = 15.0.28307.168
MinimumVisualStudioVersion = 10.0.40219.1
Project("{FAE04EC0-301F-11D3-BF4B-00C04F79EFBC}") = "DatLoader", "DatLoader\DatLoader.csproj", "{CA03B0E3-2157-42E0-B40C-04C5E5C190A7}"
EndProject
Global
	GlobalSection(SolutionConfigurationPlatforms) = preSolution
		Debug|Any CPU = Debug|Any CPU
		Release|Any CPU = Release|Any CPU
	EndGlobalSection
	GlobalSection(ProjectConfigurationPlatforms) = postSolution
		{CA03B0E3-2157-42E0-B40C-04C5E5C190A7}.Debug|Any CPU.ActiveCfg = Debug|Any CPU
		{CA03B0E3-2157-42E0-B40C-04C5E5C190A7}.Debug|Any CPU.Build.0 = Debug|Any CPU
		{CA03B0E3-2157-42E0-B40C-04C5E5C190A7}.Release|Any CPU.ActiveCfg = Release|Any CPU
		{CA03B0E3-2157-42E0-B40C-04C5E5C190A7}.Release|Any CPU.Build.0 = Release|Any CPU
	EndGlobalSection
	GlobalSection(SolutionProperties) = preSolution
		HideSolutionNode = FALSE
	EndGlobalSection
	GlobalSection(ExtensibilityGlobals) = postSolution
		SolutionGuid = {9048270A-2F5F-4A5C-A479-C5EC0EE989A6}
	EndGlobalSection
EndGlobal
